
Microsoft Visual Studio Solution File, Format Version 12.00
# Visual Studio 2012
Project("{FAE04EC0-301F-11D3-BF4B-00C04F79EFBC}") = "Asset Management System", "WebApplication1\Asset Management System.csproj", "{CDF1B650-354F-4B76-ADF2-25278D422613}"
EndProject
Global
	GlobalSection(SolutionConfigurationPlatforms) = preSolution
		Debug|Any CPU = Debug|Any CPU
		Release|Any CPU = Release|Any CPU
	EndGlobalSection
	GlobalSection(ProjectConfigurationPlatforms) = postSolution
		{CDF1B650-354F-4B76-ADF2-25278D422613}.Debug|Any CPU.ActiveCfg = Debug|Any CPU
		{CDF1B650-354F-4B76-ADF2-25278D422613}.Debug|Any CPU.Build.0 = Debug|Any CPU
		{CDF1B650-354F-4B76-ADF2-25278D422613}.Release|Any CPU.ActiveCfg = Release|Any CPU
		{CDF1B650-354F-4B76-ADF2-25278D422613}.Release|Any CPU.Build.0 = Release|Any CPU
	EndGlobalSection
	GlobalSection(SolutionProperties) = preSolution
		HideSolutionNode = FALSE
	EndGlobalSection
EndGlobal
